{
  "requires": true,
  "lockfileVersion": 1,
  "dependencies": {
    "@syncfusion/ej2-angular-base": {
      "version": "17.4.46",
      "resolved": "https://registry.npmjs.org/@syncfusion/ej2-angular-base/-/ej2-angular-base-17.4.46.tgz",
      "integrity": "sha512-NuLHTzgKYSiBA1x4PLcpT/rgaTdsVBfbUZ6Btqblld8eJi+67nsL0b2ADK14zlWXRoh/wvfbhk9Oeh4OWDC1wQ==",
      "requires": {
        "@syncfusion/ej2-base": "~17.4.46",
        "core-js": "^3.4.8",
        "reflect-metadata": "^0.1.9",
        "rxjs": "^5.0.0",
        "zone.js": "^0.7.2"
      }
    },
    "@syncfusion/ej2-angular-calendars": {
      "version": "17.4.46",
      "resolved": "https://registry.npmjs.org/@syncfusion/ej2-angular-calendars/-/ej2-angular-calendars-17.4.46.tgz",
      "integrity": "sha512-dzdUZ2jD6cnL0YaQuc5A8PxevuUcTyt33saA4x2hf1ZIgWZU0R6Z5iXUQla1unvONighyOEC07U3MU/1Pg5X5g==",
      "requires": {
        "@syncfusion/ej2-angular-base": "~17.4.46",
        "@syncfusion/ej2-base": "~17.4.46",
        "@syncfusion/ej2-calendars": "17.4.46"
      }
    },
    "@syncfusion/ej2-base": {
      "version": "17.4.46",
      "resolved": "https://registry.npmjs.org/@syncfusion/ej2-base/-/ej2-base-17.4.46.tgz",
      "integrity": "sha512-w1L6ua0X3E2r34IZeLum9Yt7h15AZMk97JTy8rkLLddMQlUizZFEbS8WMxFfibuHPo0gQJKQI36EMx/w/7IZ/A==",
      "requires": {
        "@syncfusion/ej2-icons": "~17.4.46"
      }
    },
    "@syncfusion/ej2-buttons": {
      "version": "17.4.46",
      "resolved": "https://registry.npmjs.org/@syncfusion/ej2-buttons/-/ej2-buttons-17.4.46.tgz",
      "integrity": "sha512-9aqU68TigYlTlsTpp9qDvJeNWApfw+Ovw8DB07Sx7yeKBEBUjA/tKc3f5xKkrN12IXShd4kkZCMB73Jg9HBCJw==",
      "requires": {
        "@syncfusion/ej2-base": "~17.4.46"
      }
    },
    "@syncfusion/ej2-calendars": {
      "version": "17.4.46",
      "resolved": "https://registry.npmjs.org/@syncfusion/ej2-calendars/-/ej2-calendars-17.4.46.tgz",
      "integrity": "sha512-4gsUIhJNdhQAtF+b8FIFCJVH4th0fAKsi/oAekzLTOGKLjULx5WXcNIX+8fG2RJwUKQwVPppbRU1yYIuO+owGA==",
      "requires": {
        "@syncfusion/ej2-base": "~17.4.46",
        "@syncfusion/ej2-buttons": "~17.4.46",
        "@syncfusion/ej2-inputs": "~17.4.46",
        "@syncfusion/ej2-lists": "~17.4.46",
        "@syncfusion/ej2-popups": "~17.4.46"
      }
    },
    "@syncfusion/ej2-data": {
      "version": "17.4.46",
      "resolved": "https://registry.npmjs.org/@syncfusion/ej2-data/-/ej2-data-17.4.46.tgz",
      "integrity": "sha512-KIZ9tLbqllOArYZmytNgm2Y9XG3fnSW5yS2IwoEGh26GeO6YIRP3+YF+sGXJd9L6x6v9cAg4dhx6hxm4gAn+ew==",
      "requires": {
        "@syncfusion/ej2-base": "~17.4.46"
      }
    },
    "@syncfusion/ej2-icons": {
      "version": "17.4.46",
      "resolved": "https://registry.npmjs.org/@syncfusion/ej2-icons/-/ej2-icons-17.4.46.tgz",
      "integrity": "sha512-aVd21nqA/2zhWAACggbbKnv0WW5P5psgxC0EEuOQjh622es35lloeZdrQzQL/B7kwS2aFyCYk85MlZRmgZI/6A=="
    },
    "@syncfusion/ej2-inputs": {
      "version": "17.4.46",
      "resolved": "https://registry.npmjs.org/@syncfusion/ej2-inputs/-/ej2-inputs-17.4.46.tgz",
      "integrity": "sha512-ILMBYLQ0jBDVYe/Z3OATGkhm560dK8PAFDKyIv6g9QRJoRlWaOtL8xT9ljKRtjtqAh4urUqFu1E1QKS591o0iA==",
      "requires": {
        "@syncfusion/ej2-base": "~17.4.46",
        "@syncfusion/ej2-buttons": "~17.4.46",
        "@syncfusion/ej2-popups": "~17.4.46",
        "@syncfusion/ej2-splitbuttons": "~17.4.46"
      }
    },
    "@syncfusion/ej2-lists": {
      "version": "17.4.46",
      "resolved": "https://registry.npmjs.org/@syncfusion/ej2-lists/-/ej2-lists-17.4.46.tgz",
      "integrity": "sha512-wycwqhBDxNs0F9V3E1qTZ7R1dFFaZXHNnBLuOln3Cp/Y3px6dF533m1i6fkr7XU91PpDkevn22Y+99GdXvkHuA==",
      "requires": {
        "@syncfusion/ej2-base": "~17.4.46",
        "@syncfusion/ej2-buttons": "~17.4.46",
        "@syncfusion/ej2-data": "~17.4.46"
      }
    },
    "@syncfusion/ej2-popups": {
      "version": "17.4.46",
      "resolved": "https://registry.npmjs.org/@syncfusion/ej2-popups/-/ej2-popups-17.4.46.tgz",
      "integrity": "sha512-BAwg2I04bHiNvB2lL5svIlVFoU9f3UumSa5vZN6kyCOyZvcq5GAkRUDqbUEoiVigiEhoIamhaVtm6jnX41isZQ==",
      "requires": {
        "@syncfusion/ej2-base": "~17.4.46",
        "@syncfusion/ej2-buttons": "~17.4.46"
      }
    },
    "@syncfusion/ej2-splitbuttons": {
      "version": "17.4.46",
      "resolved": "https://registry.npmjs.org/@syncfusion/ej2-splitbuttons/-/ej2-splitbuttons-17.4.46.tgz",
      "integrity": "sha512-2nGi6ffqqcEFw/b545cp6IQRVCys9alSwc1AXuZ58/7lmBIT3P8Gjv+5OWNkU9VhQUWE/EJg7hgUSM62XqayyQ==",
      "requires": {
        "@syncfusion/ej2-base": "~17.4.46",
        "@syncfusion/ej2-popups": "~17.4.46"
      }
    },
    "core-js": {
      "version": "3.6.4",
      "resolved": "https://registry.npmjs.org/core-js/-/core-js-3.6.4.tgz",
      "integrity": "sha512-4paDGScNgZP2IXXilaffL9X7968RuvwlkK3xWtZRVqgd8SYNiVKRJvkFd1aqqEuPfN7E68ZHEp9hDj6lHj4Hyw=="
    },
    "reflect-metadata": {
      "version": "0.1.13",
      "resolved": "https://registry.npmjs.org/reflect-metadata/-/reflect-metadata-0.1.13.tgz",
      "integrity": "sha512-Ts1Y/anZELhSsjMcU605fU9RE4Oi3p5ORujwbIKXfWa+0Zxs510Qrmrce5/Jowq3cHSZSJqBjypxmHarc+vEWg=="
    },
    "rxjs": {
      "version": "5.5.12",
      "resolved": "https://registry.npmjs.org/rxjs/-/rxjs-5.5.12.tgz",
      "integrity": "sha512-xx2itnL5sBbqeeiVgNPVuQQ1nC8Jp2WfNJhXWHmElW9YmrpS9UVnNzhP3EH3HFqexO5Tlp8GhYY+WEcqcVMvGw==",
      "requires": {
        "symbol-observable": "1.0.1"
      }
    },
    "symbol-observable": {
      "version": "1.0.1",
      "resolved": "https://registry.npmjs.org/symbol-observable/-/symbol-observable-1.0.1.tgz",
      "integrity": "sha1-g0D8RwLDEi310iKI+IKD9RPT/dQ="
    },
    "zone.js": {
      "version": "0.7.8",
      "resolved": "https://registry.npmjs.org/zone.js/-/zone.js-0.7.8.tgz",
      "integrity": "sha1-Tz/og01EWX8mOQU6D6Q43zT//e0="
    }
  }
}
